
Microsoft Visual Studio Solution File, Format Version 12.00
# Visual Studio Version 16
VisualStudioVersion = 16.0.31112.23
MinimumVisualStudioVersion = 10.0.40219.1
Project("{FAE04EC0-301F-11D3-BF4B-00C04F79EFBC}") = "Middleware", "Middleware.csproj", "{5DA415F4-4B1D-4012-B927-8F0BE38BFA33}"
EndProject
Global
	GlobalSection(SolutionConfigurationPlatforms) = preSolution
		Debug|Any CPU = Debug|Any CPU
		Release|Any CPU = Release|Any CPU
	EndGlobalSection
	GlobalSection(ProjectConfigurationPlatforms) = postSolution
		{5DA415F4-4B1D-4012-B927-8F0BE38BFA33}.Debug|Any CPU.ActiveCfg = Debug|Any CPU
		{5DA415F4-4B1D-4012-B927-8F0BE38BFA33}.Debug|Any CPU.Build.0 = Debug|Any CPU
		{5DA415F4-4B1D-4012-B927-8F0BE38BFA33}.Release|Any CPU.ActiveCfg = Release|Any CPU
		{5DA415F4-4B1D-4012-B927-8F0BE38BFA33}.Release|Any CPU.Build.0 = Release|Any CPU
	EndGlobalSection
	GlobalSection(SolutionProperties) = preSolution
		HideSolutionNode = FALSE
	EndGlobalSection
	GlobalSection(ExtensibilityGlobals) = postSolution
		SolutionGuid = {E282502C-43CE-4B60-AE30-1C3E4820D54D}
	EndGlobalSection
EndGlobal
